<?xml version="1.0" encoding="utf-8"?>
<Project ToolsVersion="4.0" xmlns="http://schemas.microsoft.com/developer/msbuild/2003">
  <ItemGroup>
    <Filter Include="Resource Files">
      <UniqueIdentifier>{67DA6AB6-F800-4c08-8B7A-83BB121AAD01}</UniqueIdentifier>
      <Extensions>rc;ico;cur;bmp;dlg;rc2;rct;bin;rgs;gif;jpg;jpeg;jpe;resx;tiff;tif;png;wav</Extensions>
    </Filter>
    <Filter Include="User Files">
      <UniqueIdentifier>{e05fd0a8-bd37-47f2-bc26-3476e8b2a8cf}</UniqueIdentifier>
    </Filter>
    <Filter Include="Include Files">
      <UniqueIdentifier>{93995380-89BD-4b04-88EB-625FBE52EBFB}</UniqueIdentifier>
      <Extensions>h;hpp;hxx;hm;inl;inc;xsd</Extensions>
    </Filter>
    <Filter Include="cinder_cocoslike">
      <UniqueIdentifier>{89eb6f81-b89e-4cc8-9fd2-0c57faa716a9}</UniqueIdentifier>
    </Filter>
    <Filter Include="cinder_cocoslike\action">
      <UniqueIdentifier>{3b238980-1008-45d2-a190-b049a16853dc}</UniqueIdentifier>
    </Filter>
    <Filter Include="cinder_cocoslike\audio">
      <UniqueIdentifier>{9d69d676-7299-4f72-b8fb-aff7159a66de}</UniqueIdentifier>
    </Filter>
    <Filter Include="cinder_cocoslike\library">
      <UniqueIdentifier>{63a88b0c-abf5-43c3-91b2-8362bd29cd7b}</UniqueIdentifier>
    </Filter>
    <Filter Include="cinder_cocoslike\network">
      <UniqueIdentifier>{aaf72683-9e82-4781-ba10-71c3058d0ad4}</UniqueIdentifier>
    </Filter>
    <Filter Include="cinder_cocoslike\utility">
      <UniqueIdentifier>{34f3c9dd-14ef-4d29-aef5-45717b8de2bc}</UniqueIdentifier>
    </Filter>
    <Filter Include="cinder_cocoslike\renderer">
      <UniqueIdentifier>{5f2c6c85-ed26-4320-83a4-0bd1e9826f13}</UniqueIdentifier>
    </Filter>
    <Filter Include="cinder_cocoslike\library\font">
      <UniqueIdentifier>{509425ba-bc92-4163-817e-fb35c4b890c9}</UniqueIdentifier>
    </Filter>
    <Filter Include="User Files\user">
      <UniqueIdentifier>{211ac4e3-0233-4644-8944-554ad338e5aa}</UniqueIdentifier>
    </Filter>
    <Filter Include="User Files\user\noticed">
      <UniqueIdentifier>{4171a4e3-fd36-47f0-8a30-143a820e0a01}</UniqueIdentifier>
    </Filter>
  </ItemGroup>
  <ItemGroup>
    <ClInclude Include="..\include\Resources.h">
      <Filter>Include Files</Filter>
    </ClInclude>
    <ClInclude Include="..\cinder_cocoslike\action\action.h">
      <Filter>cinder_cocoslike\action</Filter>
    </ClInclude>
    <ClInclude Include="..\cinder_cocoslike\action\action_manager.h">
      <Filter>cinder_cocoslike\action</Filter>
    </ClInclude>
    <ClInclude Include="..\cinder_cocoslike\action\call_func.h">
      <Filter>cinder_cocoslike\action</Filter>
    </ClInclude>
    <ClInclude Include="..\cinder_cocoslike\action\delay.h">
      <Filter>cinder_cocoslike\action</Filter>
    </ClInclude>
    <ClInclude Include="..\cinder_cocoslike\action\ease.h">
      <Filter>cinder_cocoslike\action</Filter>
    </ClInclude>
    <ClInclude Include="..\cinder_cocoslike\action\fade_in.h">
      <Filter>cinder_cocoslike\action</Filter>
    </ClInclude>
    <ClInclude Include="..\cinder_cocoslike\action\fade_out.h">
      <Filter>cinder_cocoslike\action</Filter>
    </ClInclude>
    <ClInclude Include="..\cinder_cocoslike\action\finite_time_action.h">
      <Filter>cinder_cocoslike\action</Filter>
    </ClInclude>
    <ClInclude Include="..\cinder_cocoslike\action\float_to.h">
      <Filter>cinder_cocoslike\action</Filter>
    </ClInclude>
    <ClInclude Include="..\cinder_cocoslike\action\move_by.h">
      <Filter>cinder_cocoslike\action</Filter>
    </ClInclude>
    <ClInclude Include="..\cinder_cocoslike\action\move_to.h">
      <Filter>cinder_cocoslike\action</Filter>
    </ClInclude>
    <ClInclude Include="..\cinder_cocoslike\action\move_to_target.h">
      <Filter>cinder_cocoslike\action</Filter>
    </ClInclude>
    <ClInclude Include="..\cinder_cocoslike\action\remove_self.h">
      <Filter>cinder_cocoslike\action</Filter>
    </ClInclude>
    <ClInclude Include="..\cinder_cocoslike\action\repeat_forever.h">
      <Filter>cinder_cocoslike\action</Filter>
    </ClInclude>
    <ClInclude Include="..\cinder_cocoslike\action\repeat_times.h">
      <Filter>cinder_cocoslike\action</Filter>
    </ClInclude>
    <ClInclude Include="..\cinder_cocoslike\action\rotate_by.h">
      <Filter>cinder_cocoslike\action</Filter>
    </ClInclude>
    <ClInclude Include="..\cinder_cocoslike\action\rotate_to.h">
      <Filter>cinder_cocoslike\action</Filter>
    </ClInclude>
    <ClInclude Include="..\cinder_cocoslike\action\scale_by.h">
      <Filter>cinder_cocoslike\action</Filter>
    </ClInclude>
    <ClInclude Include="..\cinder_cocoslike\action\scale_to.h">
      <Filter>cinder_cocoslike\action</Filter>
    </ClInclude>
    <ClInclude Include="..\cinder_cocoslike\action\sequence.h">
      <Filter>cinder_cocoslike\action</Filter>
    </ClInclude>
    <ClInclude Include="..\cinder_cocoslike\action\spawn.h">
      <Filter>cinder_cocoslike\action</Filter>
    </ClInclude>
    <ClInclude Include="..\cinder_cocoslike\action\timeline.h">
      <Filter>cinder_cocoslike\action</Filter>
    </ClInclude>
    <ClInclude Include="..\cinder_cocoslike\utility\assert_log.h">
      <Filter>cinder_cocoslike\utility</Filter>
    </ClInclude>
    <ClInclude Include="..\cinder_cocoslike\utility\collision.h">
      <Filter>cinder_cocoslike\utility</Filter>
    </ClInclude>
    <ClInclude Include="..\cinder_cocoslike\utility\recursion_usable_mutex.h">
      <Filter>cinder_cocoslike\utility</Filter>
    </ClInclude>
    <ClInclude Include="..\cinder_cocoslike\utility\scoped_mutex.h">
      <Filter>cinder_cocoslike\utility</Filter>
    </ClInclude>
    <ClInclude Include="..\cinder_cocoslike\utility\string_utility.h">
      <Filter>cinder_cocoslike\utility</Filter>
    </ClInclude>
    <ClInclude Include="..\cinder_cocoslike\utility\user_pointer.hpp">
      <Filter>cinder_cocoslike\utility</Filter>
    </ClInclude>
    <ClInclude Include="..\cinder_cocoslike\utility\utf8.h">
      <Filter>cinder_cocoslike\utility</Filter>
    </ClInclude>
    <ClInclude Include="..\cinder_cocoslike\utility\write_file_on_destroyed.h">
      <Filter>cinder_cocoslike\utility</Filter>
    </ClInclude>
    <ClInclude Include="..\cinder_cocoslike\renderer\button.h">
      <Filter>cinder_cocoslike\renderer</Filter>
    </ClInclude>
    <ClInclude Include="..\cinder_cocoslike\renderer\circle.h">
      <Filter>cinder_cocoslike\renderer</Filter>
    </ClInclude>
    <ClInclude Include="..\cinder_cocoslike\renderer\font\font.h">
      <Filter>cinder_cocoslike\renderer</Filter>
    </ClInclude>
    <ClInclude Include="..\cinder_cocoslike\renderer\label.h">
      <Filter>cinder_cocoslike\renderer</Filter>
    </ClInclude>
    <ClInclude Include="..\cinder_cocoslike\renderer\letter.h">
      <Filter>cinder_cocoslike\renderer</Filter>
    </ClInclude>
    <ClInclude Include="..\cinder_cocoslike\renderer\rect.h">
      <Filter>cinder_cocoslike\renderer</Filter>
    </ClInclude>
    <ClInclude Include="..\cinder_cocoslike\renderer\rect_edge.h">
      <Filter>cinder_cocoslike\renderer</Filter>
    </ClInclude>
    <ClInclude Include="..\cinder_cocoslike\renderer\sprite.h">
      <Filter>cinder_cocoslike\renderer</Filter>
    </ClInclude>
    <ClInclude Include="..\cinder_cocoslike\renderer\sprite_animation.h">
      <Filter>cinder_cocoslike\renderer</Filter>
    </ClInclude>
    <ClInclude Include="..\cinder_cocoslike\renderer\surface.h">
      <Filter>cinder_cocoslike\renderer</Filter>
    </ClInclude>
    <ClInclude Include="..\cinder_cocoslike\network\client_handle.h">
      <Filter>cinder_cocoslike\network</Filter>
    </ClInclude>
    <ClInclude Include="..\cinder_cocoslike\network\network_factory.h">
      <Filter>cinder_cocoslike\network</Filter>
    </ClInclude>
    <ClInclude Include="..\cinder_cocoslike\network\network_object.h">
      <Filter>cinder_cocoslike\network</Filter>
    </ClInclude>
    <ClInclude Include="..\cinder_cocoslike\network\tcp_client.h">
      <Filter>cinder_cocoslike\network</Filter>
    </ClInclude>
    <ClInclude Include="..\cinder_cocoslike\network\tcp_server.h">
      <Filter>cinder_cocoslike\network</Filter>
    </ClInclude>
    <ClInclude Include="..\cinder_cocoslike\network\udp_connection.h">
      <Filter>cinder_cocoslike\network</Filter>
    </ClInclude>
    <ClInclude Include="..\cinder_cocoslike\network\udp_connection_member.h">
      <Filter>cinder_cocoslike\network</Filter>
    </ClInclude>
    <ClInclude Include="..\cinder_cocoslike\network\use_destroy_object.h">
      <Filter>cinder_cocoslike\network</Filter>
    </ClInclude>
    <ClInclude Include="..\cinder_cocoslike\library\font\fontstash.h">
      <Filter>cinder_cocoslike\library\font</Filter>
    </ClInclude>
    <ClInclude Include="..\cinder_cocoslike\library\font\stb_truetype.h">
      <Filter>cinder_cocoslike\library\font</Filter>
    </ClInclude>
    <ClInclude Include="..\cinder_cocoslike\action.hpp">
      <Filter>cinder_cocoslike</Filter>
    </ClInclude>
    <ClInclude Include="..\cinder_cocoslike\app_delegate.h">
      <Filter>cinder_cocoslike</Filter>
    </ClInclude>
    <ClInclude Include="..\cinder_cocoslike\audio.hpp">
      <Filter>cinder_cocoslike</Filter>
    </ClInclude>
    <ClInclude Include="..\cinder_cocoslike\cocoslike.hpp">
      <Filter>cinder_cocoslike</Filter>
    </ClInclude>
    <ClInclude Include="..\cinder_cocoslike\forward.h">
      <Filter>cinder_cocoslike</Filter>
    </ClInclude>
    <ClInclude Include="..\cinder_cocoslike\network.hpp">
      <Filter>cinder_cocoslike</Filter>
    </ClInclude>
    <ClInclude Include="..\cinder_cocoslike\node.h">
      <Filter>cinder_cocoslike</Filter>
    </ClInclude>
    <ClInclude Include="..\cinder_cocoslike\renderer.hpp">
      <Filter>cinder_cocoslike</Filter>
    </ClInclude>
    <ClInclude Include="..\cinder_cocoslike\scene.h">
      <Filter>cinder_cocoslike</Filter>
    </ClInclude>
    <ClInclude Include="..\cinder_cocoslike\scene_manager.h">
      <Filter>cinder_cocoslike</Filter>
    </ClInclude>
    <ClInclude Include="..\cinder_cocoslike\user_default.h">
      <Filter>cinder_cocoslike</Filter>
    </ClInclude>
    <ClInclude Include="..\cinder_cocoslike\utility.hpp">
      <Filter>cinder_cocoslike</Filter>
    </ClInclude>
    <ClInclude Include="..\src\main.h">
      <Filter>User Files</Filter>
    </ClInclude>
    <ClInclude Include="..\src\user\connection_handle.h">
      <Filter>User Files\user</Filter>
    </ClInclude>
    <ClInclude Include="..\src\user\default_scene.h">
      <Filter>User Files\user</Filter>
    </ClInclude>
    <ClInclude Include="..\src\user\noticed.hpp">
      <Filter>User Files\user</Filter>
    </ClInclude>
    <ClInclude Include="..\src\user\receive_data_execute.h">
      <Filter>User Files\user</Filter>
    </ClInclude>
    <ClInclude Include="..\src\user\noticed\check_handle.h">
      <Filter>User Files\user\noticed</Filter>
    </ClInclude>
    <ClInclude Include="..\src\user\noticed\close.h">
      <Filter>User Files\user\noticed</Filter>
    </ClInclude>
    <ClInclude Include="..\src\user\noticed\feed_captured.h">
      <Filter>User Files\user\noticed</Filter>
    </ClInclude>
    <ClInclude Include="..\src\user\noticed\find_room.h">
      <Filter>User Files\user\noticed</Filter>
    </ClInclude>
    <ClInclude Include="..\src\user\noticed\noticed_base.h">
      <Filter>User Files\user\noticed</Filter>
    </ClInclude>
    <ClInclude Include="..\cinder_cocoslike\audio\base_player.h">
      <Filter>cinder_cocoslike\audio</Filter>
    </ClInclude>
    <ClInclude Include="..\cinder_cocoslike\audio\buffer_player.h">
      <Filter>cinder_cocoslike\audio</Filter>
    </ClInclude>
    <ClInclude Include="..\cinder_cocoslike\audio\file_player.h">
      <Filter>cinder_cocoslike\audio</Filter>
    </ClInclude>
  </ItemGroup>
  <ItemGroup>
    <ClInclude Include="..\include\Resources.h">
      <Filter>Header Files</Filter>
    </ClInclude>
  </ItemGroup>
  <ItemGroup>
    <ResourceCompile Include="Resources.rc">
      <Filter>Resource Files</Filter>
    </ResourceCompile>
  </ItemGroup>
  <ItemGroup>
    <ClCompile Include="..\cinder_cocoslike\action\action.cpp">
      <Filter>cinder_cocoslike\action</Filter>
    </ClCompile>
    <ClCompile Include="..\cinder_cocoslike\action\action_manager.cpp">
      <Filter>cinder_cocoslike\action</Filter>
    </ClCompile>
    <ClCompile Include="..\cinder_cocoslike\action\call_func.cpp">
      <Filter>cinder_cocoslike\action</Filter>
    </ClCompile>
    <ClCompile Include="..\cinder_cocoslike\action\delay.cpp">
      <Filter>cinder_cocoslike\action</Filter>
    </ClCompile>
    <ClCompile Include="..\cinder_cocoslike\action\fade_in.cpp">
      <Filter>cinder_cocoslike\action</Filter>
    </ClCompile>
    <ClCompile Include="..\cinder_cocoslike\action\fade_out.cpp">
      <Filter>cinder_cocoslike\action</Filter>
    </ClCompile>
    <ClCompile Include="..\cinder_cocoslike\action\finite_time_action.cpp">
      <Filter>cinder_cocoslike\action</Filter>
    </ClCompile>
    <ClCompile Include="..\cinder_cocoslike\action\float_to.cpp">
      <Filter>cinder_cocoslike\action</Filter>
    </ClCompile>
    <ClCompile Include="..\cinder_cocoslike\action\move_by.cpp">
      <Filter>cinder_cocoslike\action</Filter>
    </ClCompile>
    <ClCompile Include="..\cinder_cocoslike\action\move_to.cpp">
      <Filter>cinder_cocoslike\action</Filter>
    </ClCompile>
    <ClCompile Include="..\cinder_cocoslike\action\move_to_target.cpp">
      <Filter>cinder_cocoslike\action</Filter>
    </ClCompile>
    <ClCompile Include="..\cinder_cocoslike\action\remove_self.cpp">
      <Filter>cinder_cocoslike\action</Filter>
    </ClCompile>
    <ClCompile Include="..\cinder_cocoslike\action\repeat_forever.cpp">
      <Filter>cinder_cocoslike\action</Filter>
    </ClCompile>
    <ClCompile Include="..\cinder_cocoslike\action\repeat_times.cpp">
      <Filter>cinder_cocoslike\action</Filter>
    </ClCompile>
    <ClCompile Include="..\cinder_cocoslike\action\rotate_by.cpp">
      <Filter>cinder_cocoslike\action</Filter>
    </ClCompile>
    <ClCompile Include="..\cinder_cocoslike\action\rotate_to.cpp">
      <Filter>cinder_cocoslike\action</Filter>
    </ClCompile>
    <ClCompile Include="..\cinder_cocoslike\action\scale_by.cpp">
      <Filter>cinder_cocoslike\action</Filter>
    </ClCompile>
    <ClCompile Include="..\cinder_cocoslike\action\scale_to.cpp">
      <Filter>cinder_cocoslike\action</Filter>
    </ClCompile>
    <ClCompile Include="..\cinder_cocoslike\action\sequence.cpp">
      <Filter>cinder_cocoslike\action</Filter>
    </ClCompile>
    <ClCompile Include="..\cinder_cocoslike\action\spawn.cpp">
      <Filter>cinder_cocoslike\action</Filter>
    </ClCompile>
    <ClCompile Include="..\cinder_cocoslike\action\timeline.cpp">
      <Filter>cinder_cocoslike\action</Filter>
    </ClCompile>
    <ClCompile Include="..\cinder_cocoslike\utility\collision.cpp">
      <Filter>cinder_cocoslike\utility</Filter>
    </ClCompile>
    <ClCompile Include="..\cinder_cocoslike\utility\recursion_usable_mutex.cpp">
      <Filter>cinder_cocoslike\utility</Filter>
    </ClCompile>
    <ClCompile Include="..\cinder_cocoslike\utility\scoped_mutex.cpp">
      <Filter>cinder_cocoslike\utility</Filter>
    </ClCompile>
    <ClCompile Include="..\cinder_cocoslike\utility\string_utility.cpp">
      <Filter>cinder_cocoslike\utility</Filter>
    </ClCompile>
    <ClCompile Include="..\cinder_cocoslike\utility\utf8.cpp">
      <Filter>cinder_cocoslike\utility</Filter>
    </ClCompile>
    <ClCompile Include="..\cinder_cocoslike\utility\write_file_on_destroyed.cpp">
      <Filter>cinder_cocoslike\utility</Filter>
    </ClCompile>
    <ClCompile Include="..\cinder_cocoslike\renderer\button.cpp">
      <Filter>cinder_cocoslike\renderer</Filter>
    </ClCompile>
    <ClCompile Include="..\cinder_cocoslike\renderer\circle.cpp">
      <Filter>cinder_cocoslike\renderer</Filter>
    </ClCompile>
    <ClCompile Include="..\cinder_cocoslike\renderer\font\font.cpp">
      <Filter>cinder_cocoslike\renderer</Filter>
    </ClCompile>
    <ClCompile Include="..\cinder_cocoslike\renderer\label.cpp">
      <Filter>cinder_cocoslike\renderer</Filter>
    </ClCompile>
    <ClCompile Include="..\cinder_cocoslike\renderer\letter.cpp">
      <Filter>cinder_cocoslike\renderer</Filter>
    </ClCompile>
    <ClCompile Include="..\cinder_cocoslike\renderer\rect.cpp">
      <Filter>cinder_cocoslike\renderer</Filter>
    </ClCompile>
    <ClCompile Include="..\cinder_cocoslike\renderer\rect_edge.cpp">
      <Filter>cinder_cocoslike\renderer</Filter>
    </ClCompile>
    <ClCompile Include="..\cinder_cocoslike\renderer\sprite.cpp">
      <Filter>cinder_cocoslike\renderer</Filter>
    </ClCompile>
    <ClCompile Include="..\cinder_cocoslike\renderer\sprite_animation.cpp">
      <Filter>cinder_cocoslike\renderer</Filter>
    </ClCompile>
    <ClCompile Include="..\cinder_cocoslike\renderer\surface.cpp">
      <Filter>cinder_cocoslike\renderer</Filter>
    </ClCompile>
    <ClCompile Include="..\cinder_cocoslike\network\client_handle.cpp">
      <Filter>cinder_cocoslike\network</Filter>
    </ClCompile>
    <ClCompile Include="..\cinder_cocoslike\network\network_factory.cpp">
      <Filter>cinder_cocoslike\network</Filter>
    </ClCompile>
    <ClCompile Include="..\cinder_cocoslike\network\network_object.cpp">
      <Filter>cinder_cocoslike\network</Filter>
    </ClCompile>
    <ClCompile Include="..\cinder_cocoslike\network\tcp_client.cpp">
      <Filter>cinder_cocoslike\network</Filter>
    </ClCompile>
    <ClCompile Include="..\cinder_cocoslike\network\tcp_server.cpp">
      <Filter>cinder_cocoslike\network</Filter>
    </ClCompile>
    <ClCompile Include="..\cinder_cocoslike\network\udp_connection.cpp">
      <Filter>cinder_cocoslike\network</Filter>
    </ClCompile>
    <ClCompile Include="..\cinder_cocoslike\network\udp_connection_member.cpp">
      <Filter>cinder_cocoslike\network</Filter>
    </ClCompile>
    <ClCompile Include="..\cinder_cocoslike\network\use_destroy_object.cpp">
      <Filter>cinder_cocoslike\network</Filter>
    </ClCompile>
    <ClCompile Include="..\cinder_cocoslike\app_delegate.cpp">
      <Filter>cinder_cocoslike</Filter>
    </ClCompile>
    <ClCompile Include="..\cinder_cocoslike\node.cpp">
      <Filter>cinder_cocoslike</Filter>
    </ClCompile>
    <ClCompile Include="..\cinder_cocoslike\scene.cpp">
      <Filter>cinder_cocoslike</Filter>
    </ClCompile>
    <ClCompile Include="..\cinder_cocoslike\scene_manager.cpp">
      <Filter>cinder_cocoslike</Filter>
    </ClCompile>
    <ClCompile Include="..\cinder_cocoslike\user_default.cpp">
      <Filter>cinder_cocoslike</Filter>
    </ClCompile>
    <ClCompile Include="..\src\main.cpp">
      <Filter>User Files</Filter>
    </ClCompile>
    <ClCompile Include="..\src\user\default_scene.cpp">
      <Filter>User Files\user</Filter>
    </ClCompile>
    <ClCompile Include="..\src\user\receive_data_execute.cpp">
      <Filter>User Files\user</Filter>
    </ClCompile>
    <ClCompile Include="..\src\user\noticed\check_handle.cpp">
      <Filter>User Files\user\noticed</Filter>
    </ClCompile>
    <ClCompile Include="..\src\user\noticed\close.cpp">
      <Filter>User Files\user\noticed</Filter>
    </ClCompile>
    <ClCompile Include="..\src\user\noticed\feed_captured.cpp">
      <Filter>User Files\user\noticed</Filter>
    </ClCompile>
    <ClCompile Include="..\src\user\noticed\find_room.cpp">
      <Filter>User Files\user\noticed</Filter>
    </ClCompile>
    <ClCompile Include="..\src\user\noticed\noticed_base.cpp">
      <Filter>User Files\user\noticed</Filter>
    </ClCompile>
    <ClCompile Include="..\cinder_cocoslike\audio\buffer_player.cpp">
      <Filter>cinder_cocoslike\audio</Filter>
    </ClCompile>
    <ClCompile Include="..\cinder_cocoslike\audio\file_player.cpp">
      <Filter>cinder_cocoslike\audio</Filter>
    </ClCompile>
    <ClCompile Include="..\cinder_cocoslike\audio\base_player.cpp">
      <Filter>cinder_cocoslike\audio</Filter>
    </ClCompile>
  </ItemGroup>
</Project>